// !$*UTF8*$!
{
	archiveVersion = 1;
	classes = {
	};
	objectVersion = 56;
	objects = {

/* Begin PBXBuildFile section */
		9B285F1D2AA442E3004FD68E /* LongPressGestureBootcamp.swift in Sources */ = {isa = PBXBuildFile; fileRef = 9B285F1C2AA442E3004FD68E /* LongPressGestureBootcamp.swift */; };
		9B343DFA2A9070EB0074E940 /* Stacks.swift in Sources */ = {isa = PBXBuildFile; fileRef = 9B343DF92A9070EB0074E940 /* Stacks.swift */; };
		9B343DFC2A908B350074E940 /* PaddingAndSpacer.swift in Sources */ = {isa = PBXBuildFile; fileRef = 9B343DFB2A908B350074E940 /* PaddingAndSpacer.swift */; };
		9B502F2F2A97607C00BDB5F1 /* DatePickerBootcamp.swift in Sources */ = {isa = PBXBuildFile; fileRef = 9B502F2E2A97607C00BDB5F1 /* DatePickerBootcamp.swift */; };
		9B502F312A99C3EA00BDB5F1 /* StepperBootcamp.swift in Sources */ = {isa = PBXBuildFile; fileRef = 9B502F302A99C3EA00BDB5F1 /* StepperBootcamp.swift */; };
		9B502F332A99C75000BDB5F1 /* SliderBootcamp.swift in Sources */ = {isa = PBXBuildFile; fileRef = 9B502F322A99C75000BDB5F1 /* SliderBootcamp.swift */; };
		9B502F352A99CC3E00BDB5F1 /* TabViewBootcamp.swift in Sources */ = {isa = PBXBuildFile; fileRef = 9B502F342A99CC3E00BDB5F1 /* TabViewBootcamp.swift */; };
		9B502F372A99DCEE00BDB5F1 /* OnAppearDisappearBootcamp.swift in Sources */ = {isa = PBXBuildFile; fileRef = 9B502F362A99DCEE00BDB5F1 /* OnAppearDisappearBootcamp.swift */; };
		9B502F3D2A9B31E700BDB5F1 /* AppStorageBootcamp.swift in Sources */ = {isa = PBXBuildFile; fileRef = 9B502F3C2A9B31E700BDB5F1 /* AppStorageBootcamp.swift */; };
		9B502F3F2A9B39AA00BDB5F1 /* IntroView.swift in Sources */ = {isa = PBXBuildFile; fileRef = 9B502F3E2A9B39AA00BDB5F1 /* IntroView.swift */; };
		9B502F422A9B3BD200BDB5F1 /* OnboardingView.swift in Sources */ = {isa = PBXBuildFile; fileRef = 9B502F412A9B3BD200BDB5F1 /* OnboardingView.swift */; };
		9B502F442A9BD41600BDB5F1 /* ProfileView.swift in Sources */ = {isa = PBXBuildFile; fileRef = 9B502F432A9BD41600BDB5F1 /* ProfileView.swift */; };
		9B502F7B2A9DC88C00BDB5F1 /* BackgroundSystemMaterialBootcamp.swift in Sources */ = {isa = PBXBuildFile; fileRef = 9B502F7A2A9DC88C00BDB5F1 /* BackgroundSystemMaterialBootcamp.swift */; };
		9B502F7D2A9DCEB000BDB5F1 /* ButtonStylesBootcamp.swift in Sources */ = {isa = PBXBuildFile; fileRef = 9B502F7C2A9DCEB000BDB5F1 /* ButtonStylesBootcamp.swift */; };
		9B502F7F2A9DD3E500BDB5F1 /* ListSwipeActionBootcamp.swift in Sources */ = {isa = PBXBuildFile; fileRef = 9B502F7E2A9DD3E500BDB5F1 /* ListSwipeActionBootcamp.swift */; };
		9B502F812A9DD6EE00BDB5F1 /* BadgesBootcamp.swift in Sources */ = {isa = PBXBuildFile; fileRef = 9B502F802A9DD6EE00BDB5F1 /* BadgesBootcamp.swift */; };
		9B502F832A9DD93F00BDB5F1 /* FocusStateBootcamp.swift in Sources */ = {isa = PBXBuildFile; fileRef = 9B502F822A9DD93F00BDB5F1 /* FocusStateBootcamp.swift */; };
		9B502F852A9F38CB00BDB5F1 /* ResizableSheets.swift in Sources */ = {isa = PBXBuildFile; fileRef = 9B502F842A9F38CB00BDB5F1 /* ResizableSheets.swift */; };
		9B502F872A9F4B1500BDB5F1 /* NavigationStackBootcamp.swift in Sources */ = {isa = PBXBuildFile; fileRef = 9B502F862A9F4B1500BDB5F1 /* NavigationStackBootcamp.swift */; };
		9B6FFA772AADC26E00440788 /* MagnificationGestureBootcamp.swift in Sources */ = {isa = PBXBuildFile; fileRef = 9B6FFA762AADC26E00440788 /* MagnificationGestureBootcamp.swift */; };
		9B6FFA792AADCB1300440788 /* RotationGestureBootcamp.swift in Sources */ = {isa = PBXBuildFile; fileRef = 9B6FFA782AADCB1300440788 /* RotationGestureBootcamp.swift */; };
		9B6FFA7B2AADCCA000440788 /* DragGestureBootcamp.swift in Sources */ = {isa = PBXBuildFile; fileRef = 9B6FFA7A2AADCCA000440788 /* DragGestureBootcamp.swift */; };
		9B7003C12A88964F008A9366 /* SwiftUiBootcampApp.swift in Sources */ = {isa = PBXBuildFile; fileRef = 9B7003C02A88964F008A9366 /* SwiftUiBootcampApp.swift */; };
		9B7003C32A88964F008A9366 /* ContentView.swift in Sources */ = {isa = PBXBuildFile; fileRef = 9B7003C22A88964F008A9366 /* ContentView.swift */; };
		9B7003C52A889651008A9366 /* Assets.xcassets in Resources */ = {isa = PBXBuildFile; fileRef = 9B7003C42A889651008A9366 /* Assets.xcassets */; };
		9B7003C82A889651008A9366 /* Preview Assets.xcassets in Resources */ = {isa = PBXBuildFile; fileRef = 9B7003C72A889651008A9366 /* Preview Assets.xcassets */; };
		9B7003CF2A889B27008A9366 /* TextBootcamp.swift in Sources */ = {isa = PBXBuildFile; fileRef = 9B7003CE2A889B27008A9366 /* TextBootcamp.swift */; };
		9B7003D12A88A29F008A9366 /* ShapesBootcamp.swift in Sources */ = {isa = PBXBuildFile; fileRef = 9B7003D02A88A29F008A9366 /* ShapesBootcamp.swift */; };
		9B7003D32A88C328008A9366 /* ColorsBootcamp.swift in Sources */ = {isa = PBXBuildFile; fileRef = 9B7003D22A88C328008A9366 /* ColorsBootcamp.swift */; };
		9B7003D52A88DB6E008A9366 /* GradientsBootcamp.swift in Sources */ = {isa = PBXBuildFile; fileRef = 9B7003D42A88DB6E008A9366 /* GradientsBootcamp.swift */; };
		9B7003D72A88E214008A9366 /* IconsBootcamp.swift in Sources */ = {isa = PBXBuildFile; fileRef = 9B7003D62A88E214008A9366 /* IconsBootcamp.swift */; };
		9B7003D92A88F253008A9366 /* ImageBootcamp.swift in Sources */ = {isa = PBXBuildFile; fileRef = 9B7003D82A88F253008A9366 /* ImageBootcamp.swift */; };
		9B7003DB2A88F8AE008A9366 /* FrameBootcamp.swift in Sources */ = {isa = PBXBuildFile; fileRef = 9B7003DA2A88F8AE008A9366 /* FrameBootcamp.swift */; };
		9B7003DD2A88FB7D008A9366 /* BackgroundAndOverlayBootcamp.swift in Sources */ = {isa = PBXBuildFile; fileRef = 9B7003DC2A88FB7D008A9366 /* BackgroundAndOverlayBootcamp.swift */; };
		9B713B372A949C270098BB99 /* TextFieldBootcamp.swift in Sources */ = {isa = PBXBuildFile; fileRef = 9B713B362A949C270098BB99 /* TextFieldBootcamp.swift */; };
		9B713B392A94B8A10098BB99 /* ToggleBootcamp.swift in Sources */ = {isa = PBXBuildFile; fileRef = 9B713B382A94B8A10098BB99 /* ToggleBootcamp.swift */; };
		9B713B3B2A94DB900098BB99 /* PickerBootcamp.swift in Sources */ = {isa = PBXBuildFile; fileRef = 9B713B3A2A94DB900098BB99 /* PickerBootcamp.swift */; };
		9B713B3D2A94DD6F0098BB99 /* ColorPickerBootcamp.swift in Sources */ = {isa = PBXBuildFile; fileRef = 9B713B3C2A94DD6F0098BB99 /* ColorPickerBootcamp.swift */; };
		9BA176342AAEF34300AA4044 /* DragGestureBootcamp2.swift in Sources */ = {isa = PBXBuildFile; fileRef = 9BA176332AAEF34300AA4044 /* DragGestureBootcamp2.swift */; };
		9BA176362AAEFBCC00AA4044 /* ScrollViewReaderBootcamp.swift in Sources */ = {isa = PBXBuildFile; fileRef = 9BA176352AAEFBCC00AA4044 /* ScrollViewReaderBootcamp.swift */; };
		9BA176392AAF024600AA4044 /* GeometryReaderBootcamp.swift in Sources */ = {isa = PBXBuildFile; fileRef = 9BA176382AAF024600AA4044 /* GeometryReaderBootcamp.swift */; };
		9BA1763B2AB0599500AA4044 /* HashableBootcamp.swift in Sources */ = {isa = PBXBuildFile; fileRef = 9BA1763A2AB0599500AA4044 /* HashableBootcamp.swift */; };
		9BA1763D2AB05B7600AA4044 /* SortFilterMapBootcamp.swift in Sources */ = {isa = PBXBuildFile; fileRef = 9BA1763C2AB05B7600AA4044 /* SortFilterMapBootcamp.swift */; };
		9BE31A2E2A908F2A0016F0C1 /* SpacerBootcamp.swift in Sources */ = {isa = PBXBuildFile; fileRef = 9BE31A2D2A908F2A0016F0C1 /* SpacerBootcamp.swift */; };
		9BE31A302A9093DF0016F0C1 /* Initializer.swift in Sources */ = {isa = PBXBuildFile; fileRef = 9BE31A2F2A9093DF0016F0C1 /* Initializer.swift */; };
		9BE31A322A909D470016F0C1 /* ScrollViewBootcamp.swift in Sources */ = {isa = PBXBuildFile; fileRef = 9BE31A312A909D470016F0C1 /* ScrollViewBootcamp.swift */; };
		9BE31A342A90A7550016F0C1 /* GridBootcamp.swift in Sources */ = {isa = PBXBuildFile; fileRef = 9BE31A332A90A7550016F0C1 /* GridBootcamp.swift */; };
		9BE31A362A90AEB30016F0C1 /* SafeAreaBootcamp.swift in Sources */ = {isa = PBXBuildFile; fileRef = 9BE31A352A90AEB30016F0C1 /* SafeAreaBootcamp.swift */; };
		9BE31A382A90B3FC0016F0C1 /* ButtonsBootcamp.swift in Sources */ = {isa = PBXBuildFile; fileRef = 9BE31A372A90B3FC0016F0C1 /* ButtonsBootcamp.swift */; };
		9BE31A3A2A90BC470016F0C1 /* StateBootcamp.swift in Sources */ = {isa = PBXBuildFile; fileRef = 9BE31A392A90BC470016F0C1 /* StateBootcamp.swift */; };
		9BE31A3C2A90BFB30016F0C1 /* ExtractedFunctionsBootcamp.swift in Sources */ = {isa = PBXBuildFile; fileRef = 9BE31A3B2A90BFB30016F0C1 /* ExtractedFunctionsBootcamp.swift */; };
		9BE31A3E2A91412E0016F0C1 /* ExtractSubViews.swift in Sources */ = {isa = PBXBuildFile; fileRef = 9BE31A3D2A91412E0016F0C1 /* ExtractSubViews.swift */; };
		9BE31A402A9146B50016F0C1 /* BindingBootcamp.swift in Sources */ = {isa = PBXBuildFile; fileRef = 9BE31A3F2A9146B50016F0C1 /* BindingBootcamp.swift */; };
		9BE31A422A91D59A0016F0C1 /* NavigationViewBootcamp.swift in Sources */ = {isa = PBXBuildFile; fileRef = 9BE31A412A91D59A0016F0C1 /* NavigationViewBootcamp.swift */; };
		9BE31A442A92187E0016F0C1 /* AlertBootcamp.swift in Sources */ = {isa = PBXBuildFile; fileRef = 9BE31A432A92187E0016F0C1 /* AlertBootcamp.swift */; };
		9BE31A462A9384CA0016F0C1 /* ActionSheetBootcamp.swift in Sources */ = {isa = PBXBuildFile; fileRef = 9BE31A452A9384CA0016F0C1 /* ActionSheetBootcamp.swift */; };
		9BE31A482A938B7B0016F0C1 /* ContextMenuBootcamp.swift in Sources */ = {isa = PBXBuildFile; fileRef = 9BE31A472A938B7B0016F0C1 /* ContextMenuBootcamp.swift */; };
/* End PBXBuildFile section */

/* Begin PBXFileReference section */
		9B285F1C2AA442E3004FD68E /* LongPressGestureBootcamp.swift */ = {isa = PBXFileReference; lastKnownFileType = sourcecode.swift; path = LongPressGestureBootcamp.swift; sourceTree = "<group>"; };
		9B343DF92A9070EB0074E940 /* Stacks.swift */ = {isa = PBXFileReference; lastKnownFileType = sourcecode.swift; path = Stacks.swift; sourceTree = "<group>"; };
		9B343DFB2A908B350074E940 /* PaddingAndSpacer.swift */ = {isa = PBXFileReference; lastKnownFileType = sourcecode.swift; path = PaddingAndSpacer.swift; sourceTree = "<group>"; };
		9B502F2E2A97607C00BDB5F1 /* DatePickerBootcamp.swift */ = {isa = PBXFileReference; lastKnownFileType = sourcecode.swift; path = DatePickerBootcamp.swift; sourceTree = "<group>"; };
		9B502F302A99C3EA00BDB5F1 /* StepperBootcamp.swift */ = {isa = PBXFileReference; lastKnownFileType = sourcecode.swift; path = StepperBootcamp.swift; sourceTree = "<group>"; };
		9B502F322A99C75000BDB5F1 /* SliderBootcamp.swift */ = {isa = PBXFileReference; lastKnownFileType = sourcecode.swift; path = SliderBootcamp.swift; sourceTree = "<group>"; };
		9B502F342A99CC3E00BDB5F1 /* TabViewBootcamp.swift */ = {isa = PBXFileReference; lastKnownFileType = sourcecode.swift; path = TabViewBootcamp.swift; sourceTree = "<group>"; };
		9B502F362A99DCEE00BDB5F1 /* OnAppearDisappearBootcamp.swift */ = {isa = PBXFileReference; lastKnownFileType = sourcecode.swift; path = OnAppearDisappearBootcamp.swift; sourceTree = "<group>"; };
		9B502F3C2A9B31E700BDB5F1 /* AppStorageBootcamp.swift */ = {isa = PBXFileReference; lastKnownFileType = sourcecode.swift; path = AppStorageBootcamp.swift; sourceTree = "<group>"; };
		9B502F3E2A9B39AA00BDB5F1 /* IntroView.swift */ = {isa = PBXFileReference; lastKnownFileType = sourcecode.swift; path = IntroView.swift; sourceTree = "<group>"; };
		9B502F412A9B3BD200BDB5F1 /* OnboardingView.swift */ = {isa = PBXFileReference; lastKnownFileType = sourcecode.swift; path = OnboardingView.swift; sourceTree = "<group>"; };
		9B502F432A9BD41600BDB5F1 /* ProfileView.swift */ = {isa = PBXFileReference; lastKnownFileType = sourcecode.swift; path = ProfileView.swift; sourceTree = "<group>"; };
		9B502F7A2A9DC88C00BDB5F1 /* BackgroundSystemMaterialBootcamp.swift */ = {isa = PBXFileReference; lastKnownFileType = sourcecode.swift; path = BackgroundSystemMaterialBootcamp.swift; sourceTree = "<group>"; };
		9B502F7C2A9DCEB000BDB5F1 /* ButtonStylesBootcamp.swift */ = {isa = PBXFileReference; lastKnownFileType = sourcecode.swift; path = ButtonStylesBootcamp.swift; sourceTree = "<group>"; };
		9B502F7E2A9DD3E500BDB5F1 /* ListSwipeActionBootcamp.swift */ = {isa = PBXFileReference; lastKnownFileType = sourcecode.swift; path = ListSwipeActionBootcamp.swift; sourceTree = "<group>"; };
		9B502F802A9DD6EE00BDB5F1 /* BadgesBootcamp.swift */ = {isa = PBXFileReference; lastKnownFileType = sourcecode.swift; path = BadgesBootcamp.swift; sourceTree = "<group>"; };
		9B502F822A9DD93F00BDB5F1 /* FocusStateBootcamp.swift */ = {isa = PBXFileReference; lastKnownFileType = sourcecode.swift; path = FocusStateBootcamp.swift; sourceTree = "<group>"; };
		9B502F842A9F38CB00BDB5F1 /* ResizableSheets.swift */ = {isa = PBXFileReference; lastKnownFileType = sourcecode.swift; path = ResizableSheets.swift; sourceTree = "<group>"; };
		9B502F862A9F4B1500BDB5F1 /* NavigationStackBootcamp.swift */ = {isa = PBXFileReference; lastKnownFileType = sourcecode.swift; path = NavigationStackBootcamp.swift; sourceTree = "<group>"; };
		9B6FFA762AADC26E00440788 /* MagnificationGestureBootcamp.swift */ = {isa = PBXFileReference; lastKnownFileType = sourcecode.swift; path = MagnificationGestureBootcamp.swift; sourceTree = "<group>"; };
		9B6FFA782AADCB1300440788 /* RotationGestureBootcamp.swift */ = {isa = PBXFileReference; lastKnownFileType = sourcecode.swift; path = RotationGestureBootcamp.swift; sourceTree = "<group>"; };
		9B6FFA7A2AADCCA000440788 /* DragGestureBootcamp.swift */ = {isa = PBXFileReference; lastKnownFileType = sourcecode.swift; path = DragGestureBootcamp.swift; sourceTree = "<group>"; };
		9B7003BD2A88964F008A9366 /* SwiftUiBootcamp.app */ = {isa = PBXFileReference; explicitFileType = wrapper.application; includeInIndex = 0; path = SwiftUiBootcamp.app; sourceTree = BUILT_PRODUCTS_DIR; };
		9B7003C02A88964F008A9366 /* SwiftUiBootcampApp.swift */ = {isa = PBXFileReference; lastKnownFileType = sourcecode.swift; path = SwiftUiBootcampApp.swift; sourceTree = "<group>"; };
		9B7003C22A88964F008A9366 /* ContentView.swift */ = {isa = PBXFileReference; lastKnownFileType = sourcecode.swift; path = ContentView.swift; sourceTree = "<group>"; };
		9B7003C42A889651008A9366 /* Assets.xcassets */ = {isa = PBXFileReference; lastKnownFileType = folder.assetcatalog; path = Assets.xcassets; sourceTree = "<group>"; };
		9B7003C72A889651008A9366 /* Preview Assets.xcassets */ = {isa = PBXFileReference; lastKnownFileType = folder.assetcatalog; path = "Preview Assets.xcassets"; sourceTree = "<group>"; };
		9B7003CE2A889B27008A9366 /* TextBootcamp.swift */ = {isa = PBXFileReference; lastKnownFileType = sourcecode.swift; path = TextBootcamp.swift; sourceTree = "<group>"; };
		9B7003D02A88A29F008A9366 /* ShapesBootcamp.swift */ = {isa = PBXFileReference; lastKnownFileType = sourcecode.swift; path = ShapesBootcamp.swift; sourceTree = "<group>"; };
		9B7003D22A88C328008A9366 /* ColorsBootcamp.swift */ = {isa = PBXFileReference; lastKnownFileType = sourcecode.swift; path = ColorsBootcamp.swift; sourceTree = "<group>"; };
		9B7003D42A88DB6E008A9366 /* GradientsBootcamp.swift */ = {isa = PBXFileReference; lastKnownFileType = sourcecode.swift; path = GradientsBootcamp.swift; sourceTree = "<group>"; };
		9B7003D62A88E214008A9366 /* IconsBootcamp.swift */ = {isa = PBXFileReference; lastKnownFileType = sourcecode.swift; path = IconsBootcamp.swift; sourceTree = "<group>"; };
		9B7003D82A88F253008A9366 /* ImageBootcamp.swift */ = {isa = PBXFileReference; lastKnownFileType = sourcecode.swift; path = ImageBootcamp.swift; sourceTree = "<group>"; };
		9B7003DA2A88F8AE008A9366 /* FrameBootcamp.swift */ = {isa = PBXFileReference; lastKnownFileType = sourcecode.swift; path = FrameBootcamp.swift; sourceTree = "<group>"; };
		9B7003DC2A88FB7D008A9366 /* BackgroundAndOverlayBootcamp.swift */ = {isa = PBXFileReference; lastKnownFileType = sourcecode.swift; path = BackgroundAndOverlayBootcamp.swift; sourceTree = "<group>"; };
		9B713B362A949C270098BB99 /* TextFieldBootcamp.swift */ = {isa = PBXFileReference; lastKnownFileType = sourcecode.swift; path = TextFieldBootcamp.swift; sourceTree = "<group>"; };
		9B713B382A94B8A10098BB99 /* ToggleBootcamp.swift */ = {isa = PBXFileReference; lastKnownFileType = sourcecode.swift; path = ToggleBootcamp.swift; sourceTree = "<group>"; };
		9B713B3A2A94DB900098BB99 /* PickerBootcamp.swift */ = {isa = PBXFileReference; lastKnownFileType = sourcecode.swift; path = PickerBootcamp.swift; sourceTree = "<group>"; };
		9B713B3C2A94DD6F0098BB99 /* ColorPickerBootcamp.swift */ = {isa = PBXFileReference; lastKnownFileType = sourcecode.swift; path = ColorPickerBootcamp.swift; sourceTree = "<group>"; };
		9BA176332AAEF34300AA4044 /* DragGestureBootcamp2.swift */ = {isa = PBXFileReference; lastKnownFileType = sourcecode.swift; path = DragGestureBootcamp2.swift; sourceTree = "<group>"; };
		9BA176352AAEFBCC00AA4044 /* ScrollViewReaderBootcamp.swift */ = {isa = PBXFileReference; lastKnownFileType = sourcecode.swift; path = ScrollViewReaderBootcamp.swift; sourceTree = "<group>"; };
		9BA176382AAF024600AA4044 /* GeometryReaderBootcamp.swift */ = {isa = PBXFileReference; lastKnownFileType = sourcecode.swift; path = GeometryReaderBootcamp.swift; sourceTree = "<group>"; };
		9BA1763A2AB0599500AA4044 /* HashableBootcamp.swift */ = {isa = PBXFileReference; lastKnownFileType = sourcecode.swift; path = HashableBootcamp.swift; sourceTree = "<group>"; };
		9BA1763C2AB05B7600AA4044 /* SortFilterMapBootcamp.swift */ = {isa = PBXFileReference; lastKnownFileType = sourcecode.swift; path = SortFilterMapBootcamp.swift; sourceTree = "<group>"; };
		9BE31A2D2A908F2A0016F0C1 /* SpacerBootcamp.swift */ = {isa = PBXFileReference; lastKnownFileType = sourcecode.swift; path = SpacerBootcamp.swift; sourceTree = "<group>"; };
		9BE31A2F2A9093DF0016F0C1 /* Initializer.swift */ = {isa = PBXFileReference; lastKnownFileType = sourcecode.swift; path = Initializer.swift; sourceTree = "<group>"; };
		9BE31A312A909D470016F0C1 /* ScrollViewBootcamp.swift */ = {isa = PBXFileReference; lastKnownFileType = sourcecode.swift; path = ScrollViewBootcamp.swift; sourceTree = "<group>"; };
		9BE31A332A90A7550016F0C1 /* GridBootcamp.swift */ = {isa = PBXFileReference; lastKnownFileType = sourcecode.swift; path = GridBootcamp.swift; sourceTree = "<group>"; };
		9BE31A352A90AEB30016F0C1 /* SafeAreaBootcamp.swift */ = {isa = PBXFileReference; lastKnownFileType = sourcecode.swift; path = SafeAreaBootcamp.swift; sourceTree = "<group>"; };
		9BE31A372A90B3FC0016F0C1 /* ButtonsBootcamp.swift */ = {isa = PBXFileReference; lastKnownFileType = sourcecode.swift; path = ButtonsBootcamp.swift; sourceTree = "<group>"; };
		9BE31A392A90BC470016F0C1 /* StateBootcamp.swift */ = {isa = PBXFileReference; lastKnownFileType = sourcecode.swift; path = StateBootcamp.swift; sourceTree = "<group>"; };
		9BE31A3B2A90BFB30016F0C1 /* ExtractedFunctionsBootcamp.swift */ = {isa = PBXFileReference; lastKnownFileType = sourcecode.swift; path = ExtractedFunctionsBootcamp.swift; sourceTree = "<group>"; };
		9BE31A3D2A91412E0016F0C1 /* ExtractSubViews.swift */ = {isa = PBXFileReference; lastKnownFileType = sourcecode.swift; path = ExtractSubViews.swift; sourceTree = "<group>"; };
		9BE31A3F2A9146B50016F0C1 /* BindingBootcamp.swift */ = {isa = PBXFileReference; lastKnownFileType = sourcecode.swift; path = BindingBootcamp.swift; sourceTree = "<group>"; };
		9BE31A412A91D59A0016F0C1 /* NavigationViewBootcamp.swift */ = {isa = PBXFileReference; lastKnownFileType = sourcecode.swift; path = NavigationViewBootcamp.swift; sourceTree = "<group>"; };
		9BE31A432A92187E0016F0C1 /* AlertBootcamp.swift */ = {isa = PBXFileReference; lastKnownFileType = sourcecode.swift; path = AlertBootcamp.swift; sourceTree = "<group>"; };
		9BE31A452A9384CA0016F0C1 /* ActionSheetBootcamp.swift */ = {isa = PBXFileReference; lastKnownFileType = sourcecode.swift; path = ActionSheetBootcamp.swift; sourceTree = "<group>"; };
		9BE31A472A938B7B0016F0C1 /* ContextMenuBootcamp.swift */ = {isa = PBXFileReference; lastKnownFileType = sourcecode.swift; path = ContextMenuBootcamp.swift; sourceTree = "<group>"; };
/* End PBXFileReference section */

/* Begin PBXFrameworksBuildPhase section */
		9B7003BA2A88964F008A9366 /* Frameworks */ = {
			isa = PBXFrameworksBuildPhase;
			buildActionMask = 2147483647;
			files = (
			);
			runOnlyForDeploymentPostprocessing = 0;
		};
/* End PBXFrameworksBuildPhase section */

/* Begin PBXGroup section */
		9B285F1B2AA442B8004FD68E /* OtherComponents */ = {
			isa = PBXGroup;
			children = (
				9BA176372AAF013A00AA4044 /* gestures */,
				9BA176352AAEFBCC00AA4044 /* ScrollViewReaderBootcamp.swift */,
				9BA176382AAF024600AA4044 /* GeometryReaderBootcamp.swift */,
				9BA1763A2AB0599500AA4044 /* HashableBootcamp.swift */,
				9BA1763C2AB05B7600AA4044 /* SortFilterMapBootcamp.swift */,
			);
			path = OtherComponents;
			sourceTree = "<group>";
		};
		9B502F402A9B3B6B00BDB5F1 /* OnboardingView */ = {
			isa = PBXGroup;
			children = (
				9B502F3E2A9B39AA00BDB5F1 /* IntroView.swift */,
				9B502F412A9B3BD200BDB5F1 /* OnboardingView.swift */,
				9B502F432A9BD41600BDB5F1 /* ProfileView.swift */,
			);
			path = OnboardingView;
			sourceTree = "<group>";
		};
		9B502F452A9BE05800BDB5F1 /* BasicComponents */ = {
			isa = PBXGroup;
			children = (
				9B343DF92A9070EB0074E940 /* Stacks.swift */,
				9B343DFB2A908B350074E940 /* PaddingAndSpacer.swift */,
				9B7003C22A88964F008A9366 /* ContentView.swift */,
				9BE31A352A90AEB30016F0C1 /* SafeAreaBootcamp.swift */,
				9BE31A312A909D470016F0C1 /* ScrollViewBootcamp.swift */,
				9BE31A2F2A9093DF0016F0C1 /* Initializer.swift */,
				9BE31A2D2A908F2A0016F0C1 /* SpacerBootcamp.swift */,
				9B7003D02A88A29F008A9366 /* ShapesBootcamp.swift */,
				9B7003D22A88C328008A9366 /* ColorsBootcamp.swift */,
				9BE31A332A90A7550016F0C1 /* GridBootcamp.swift */,
				9BE31A3B2A90BFB30016F0C1 /* ExtractedFunctionsBootcamp.swift */,
				9BE31A3F2A9146B50016F0C1 /* BindingBootcamp.swift */,
				9B502F362A99DCEE00BDB5F1 /* OnAppearDisappearBootcamp.swift */,
				9BE31A432A92187E0016F0C1 /* AlertBootcamp.swift */,
				9BE31A472A938B7B0016F0C1 /* ContextMenuBootcamp.swift */,
				9B502F7C2A9DCEB000BDB5F1 /* ButtonStylesBootcamp.swift */,
				9B502F322A99C75000BDB5F1 /* SliderBootcamp.swift */,
				9B502F822A9DD93F00BDB5F1 /* FocusStateBootcamp.swift */,
				9B502F302A99C3EA00BDB5F1 /* StepperBootcamp.swift */,
				9B502F3C2A9B31E700BDB5F1 /* AppStorageBootcamp.swift */,
				9BE31A392A90BC470016F0C1 /* StateBootcamp.swift */,
				9B713B3A2A94DB900098BB99 /* PickerBootcamp.swift */,
				9B502F842A9F38CB00BDB5F1 /* ResizableSheets.swift */,
				9BE31A3D2A91412E0016F0C1 /* ExtractSubViews.swift */,
				9B713B3C2A94DD6F0098BB99 /* ColorPickerBootcamp.swift */,
				9B502F342A99CC3E00BDB5F1 /* TabViewBootcamp.swift */,
				9B502F7A2A9DC88C00BDB5F1 /* BackgroundSystemMaterialBootcamp.swift */,
				9B502F802A9DD6EE00BDB5F1 /* BadgesBootcamp.swift */,
				9BE31A452A9384CA0016F0C1 /* ActionSheetBootcamp.swift */,
				9B502F862A9F4B1500BDB5F1 /* NavigationStackBootcamp.swift */,
				9B502F7E2A9DD3E500BDB5F1 /* ListSwipeActionBootcamp.swift */,
				9B502F2E2A97607C00BDB5F1 /* DatePickerBootcamp.swift */,
				9B713B382A94B8A10098BB99 /* ToggleBootcamp.swift */,
				9B713B362A949C270098BB99 /* TextFieldBootcamp.swift */,
				9BE31A372A90B3FC0016F0C1 /* ButtonsBootcamp.swift */,
				9BE31A412A91D59A0016F0C1 /* NavigationViewBootcamp.swift */,
				9B7003CE2A889B27008A9366 /* TextBootcamp.swift */,
				9B7003D42A88DB6E008A9366 /* GradientsBootcamp.swift */,
				9B7003D62A88E214008A9366 /* IconsBootcamp.swift */,
				9B7003DA2A88F8AE008A9366 /* FrameBootcamp.swift */,
				9B7003DC2A88FB7D008A9366 /* BackgroundAndOverlayBootcamp.swift */,
				9B7003D82A88F253008A9366 /* ImageBootcamp.swift */,
			);
			path = BasicComponents;
			sourceTree = "<group>";
		};
		9B7003B42A88964F008A9366 = {
			isa = PBXGroup;
			children = (
				9B7003BF2A88964F008A9366 /* SwiftUiBootcamp */,
				9B7003BE2A88964F008A9366 /* Products */,
			);
			sourceTree = "<group>";
		};
		9B7003BE2A88964F008A9366 /* Products */ = {
			isa = PBXGroup;
			children = (
				9B7003BD2A88964F008A9366 /* SwiftUiBootcamp.app */,
			);
			name = Products;
			sourceTree = "<group>";
		};
		9B7003BF2A88964F008A9366 /* SwiftUiBootcamp */ = {
			isa = PBXGroup;
			children = (
				9B7003C02A88964F008A9366 /* SwiftUiBootcampApp.swift */,
				9B285F1B2AA442B8004FD68E /* OtherComponents */,
				9B502F452A9BE05800BDB5F1 /* BasicComponents */,
				9B502F402A9B3B6B00BDB5F1 /* OnboardingView */,
				9B7003C42A889651008A9366 /* Assets.xcassets */,
				9B7003C62A889651008A9366 /* Preview Content */,
			);
			path = SwiftUiBootcamp;
			sourceTree = "<group>";
		};
		9B7003C62A889651008A9366 /* Preview Content */ = {
			isa = PBXGroup;
			children = (
				9B7003C72A889651008A9366 /* Preview Assets.xcassets */,
			);
			path = "Preview Content";
			sourceTree = "<group>";
		};
		9BA176372AAF013A00AA4044 /* gestures */ = {
			isa = PBXGroup;
			children = (
				9B285F1C2AA442E3004FD68E /* LongPressGestureBootcamp.swift */,
				9B6FFA762AADC26E00440788 /* MagnificationGestureBootcamp.swift */,
				9B6FFA782AADCB1300440788 /* RotationGestureBootcamp.swift */,
				9B6FFA7A2AADCCA000440788 /* DragGestureBootcamp.swift */,
				9BA176332AAEF34300AA4044 /* DragGestureBootcamp2.swift */,
			);
			path = gestures;
			sourceTree = "<group>";
		};
/* End PBXGroup section */

/* Begin PBXNativeTarget section */
		9B7003BC2A88964F008A9366 /* SwiftUiBootcamp */ = {
			isa = PBXNativeTarget;
			buildConfigurationList = 9B7003CB2A889651008A9366 /* Build configuration list for PBXNativeTarget "SwiftUiBootcamp" */;
			buildPhases = (
				9B7003B92A88964F008A9366 /* Sources */,
				9B7003BA2A88964F008A9366 /* Frameworks */,
				9B7003BB2A88964F008A9366 /* Resources */,
			);
			buildRules = (
			);
			dependencies = (
			);
			name = SwiftUiBootcamp;
			productName = SwiftUiBootcamp;
			productReference = 9B7003BD2A88964F008A9366 /* SwiftUiBootcamp.app */;
			productType = "com.apple.product-type.application";
		};
/* End PBXNativeTarget section */

/* Begin PBXProject section */
		9B7003B52A88964F008A9366 /* Project object */ = {
			isa = PBXProject;
			attributes = {
				BuildIndependentTargetsInParallel = 1;
				LastSwiftUpdateCheck = 1420;
				LastUpgradeCheck = 1420;
				TargetAttributes = {
					9B7003BC2A88964F008A9366 = {
						CreatedOnToolsVersion = 14.2;
					};
				};
			};
			buildConfigurationList = 9B7003B82A88964F008A9366 /* Build configuration list for PBXProject "SwiftUiBootcamp" */;
			compatibilityVersion = "Xcode 14.0";
			developmentRegion = en;
			hasScannedForEncodings = 0;
			knownRegions = (
				en,
				Base,
			);
			mainGroup = 9B7003B42A88964F008A9366;
			productRefGroup = 9B7003BE2A88964F008A9366 /* Products */;
			projectDirPath = "";
			projectRoot = "";
			targets = (
				9B7003BC2A88964F008A9366 /* SwiftUiBootcamp */,
			);
		};
/* End PBXProject section */

/* Begin PBXResourcesBuildPhase section */
		9B7003BB2A88964F008A9366 /* Resources */ = {
			isa = PBXResourcesBuildPhase;
			buildActionMask = 2147483647;
			files = (
				9B7003C82A889651008A9366 /* Preview Assets.xcassets in Resources */,
				9B7003C52A889651008A9366 /* Assets.xcassets in Resources */,
			);
			runOnlyForDeploymentPostprocessing = 0;
		};
/* End PBXResourcesBuildPhase section */

/* Begin PBXSourcesBuildPhase section */
		9B7003B92A88964F008A9366 /* Sources */ = {
			isa = PBXSourcesBuildPhase;
			buildActionMask = 2147483647;
			files = (
				9B7003D52A88DB6E008A9366 /* GradientsBootcamp.swift in Sources */,
				9B502F442A9BD41600BDB5F1 /* ProfileView.swift in Sources */,
				9B502F7B2A9DC88C00BDB5F1 /* BackgroundSystemMaterialBootcamp.swift in Sources */,
				9B343DFC2A908B350074E940 /* PaddingAndSpacer.swift in Sources */,
				9B6FFA7B2AADCCA000440788 /* DragGestureBootcamp.swift in Sources */,
				9B7003DD2A88FB7D008A9366 /* BackgroundAndOverlayBootcamp.swift in Sources */,
				9B502F832A9DD93F00BDB5F1 /* FocusStateBootcamp.swift in Sources */,
				9BA176362AAEFBCC00AA4044 /* ScrollViewReaderBootcamp.swift in Sources */,
				9B502F852A9F38CB00BDB5F1 /* ResizableSheets.swift in Sources */,
				9B502F812A9DD6EE00BDB5F1 /* BadgesBootcamp.swift in Sources */,
				9BE31A442A92187E0016F0C1 /* AlertBootcamp.swift in Sources */,
				9BE31A2E2A908F2A0016F0C1 /* SpacerBootcamp.swift in Sources */,
				9B343DFA2A9070EB0074E940 /* Stacks.swift in Sources */,
				9BA1763D2AB05B7600AA4044 /* SortFilterMapBootcamp.swift in Sources */,
				9B713B3B2A94DB900098BB99 /* PickerBootcamp.swift in Sources */,
				9B7003D12A88A29F008A9366 /* ShapesBootcamp.swift in Sources */,
				9B502F312A99C3EA00BDB5F1 /* StepperBootcamp.swift in Sources */,
				9B502F332A99C75000BDB5F1 /* SliderBootcamp.swift in Sources */,
				9B502F7D2A9DCEB000BDB5F1 /* ButtonStylesBootcamp.swift in Sources */,
				9B502F3D2A9B31E700BDB5F1 /* AppStorageBootcamp.swift in Sources */,
				9BE31A3A2A90BC470016F0C1 /* StateBootcamp.swift in Sources */,
				9B6FFA772AADC26E00440788 /* MagnificationGestureBootcamp.swift in Sources */,
				9B502F7F2A9DD3E500BDB5F1 /* ListSwipeActionBootcamp.swift in Sources */,
				9B502F3F2A9B39AA00BDB5F1 /* IntroView.swift in Sources */,
				9B502F352A99CC3E00BDB5F1 /* TabViewBootcamp.swift in Sources */,
				9BA1763B2AB0599500AA4044 /* HashableBootcamp.swift in Sources */,
				9B7003DB2A88F8AE008A9366 /* FrameBootcamp.swift in Sources */,
				9B7003C32A88964F008A9366 /* ContentView.swift in Sources */,
				9BE31A382A90B3FC0016F0C1 /* ButtonsBootcamp.swift in Sources */,
				9BE31A3E2A91412E0016F0C1 /* ExtractSubViews.swift in Sources */,
				9BE31A362A90AEB30016F0C1 /* SafeAreaBootcamp.swift in Sources */,
				9B502F372A99DCEE00BDB5F1 /* OnAppearDisappearBootcamp.swift in Sources */,
				9BE31A342A90A7550016F0C1 /* GridBootcamp.swift in Sources */,
				9BE31A322A909D470016F0C1 /* ScrollViewBootcamp.swift in Sources */,
				9BA176392AAF024600AA4044 /* GeometryReaderBootcamp.swift in Sources */,
				9BE31A482A938B7B0016F0C1 /* ContextMenuBootcamp.swift in Sources */,
				9B502F422A9B3BD200BDB5F1 /* OnboardingView.swift in Sources */,
				9BE31A402A9146B50016F0C1 /* BindingBootcamp.swift in Sources */,
				9B713B372A949C270098BB99 /* TextFieldBootcamp.swift in Sources */,
				9B285F1D2AA442E3004FD68E /* LongPressGestureBootcamp.swift in Sources */,
				9B502F872A9F4B1500BDB5F1 /* NavigationStackBootcamp.swift in Sources */,
				9B713B392A94B8A10098BB99 /* ToggleBootcamp.swift in Sources */,
				9B713B3D2A94DD6F0098BB99 /* ColorPickerBootcamp.swift in Sources */,
				9BA176342AAEF34300AA4044 /* DragGestureBootcamp2.swift in Sources */,
				9BE31A302A9093DF0016F0C1 /* Initializer.swift in Sources */,
				9BE31A3C2A90BFB30016F0C1 /* ExtractedFunctionsBootcamp.swift in Sources */,
				9BE31A462A9384CA0016F0C1 /* ActionSheetBootcamp.swift in Sources */,
				9B7003D32A88C328008A9366 /* ColorsBootcamp.swift in Sources */,
				9BE31A422A91D59A0016F0C1 /* NavigationViewBootcamp.swift in Sources */,
				9B7003CF2A889B27008A9366 /* TextBootcamp.swift in Sources */,
				9B502F2F2A97607C00BDB5F1 /* DatePickerBootcamp.swift in Sources */,
				9B7003C12A88964F008A9366 /* SwiftUiBootcampApp.swift in Sources */,
				9B7003D92A88F253008A9366 /* ImageBootcamp.swift in Sources */,
				9B6FFA792AADCB1300440788 /* RotationGestureBootcamp.swift in Sources */,
				9B7003D72A88E214008A9366 /* IconsBootcamp.swift in Sources */,
			);
			runOnlyForDeploymentPostprocessing = 0;
		};
/* End PBXSourcesBuildPhase section */

/* Begin XCBuildConfiguration section */
		9B7003C92A889651008A9366 /* Debug */ = {
			isa = XCBuildConfiguration;
			buildSettings = {
				ALWAYS_SEARCH_USER_PATHS = NO;
				CLANG_ANALYZER_NONNULL = YES;
				CLANG_ANALYZER_NUMBER_OBJECT_CONVERSION = YES_AGGRESSIVE;
				CLANG_CXX_LANGUAGE_STANDARD = "gnu++20";
				CLANG_ENABLE_MODULES = YES;
				CLANG_ENABLE_OBJC_ARC = YES;
				CLANG_ENABLE_OBJC_WEAK = YES;
				CLANG_WARN_BLOCK_CAPTURE_AUTORELEASING = YES;
				CLANG_WARN_BOOL_CONVERSION = YES;
				CLANG_WARN_COMMA = YES;
				CLANG_WARN_CONSTANT_CONVERSION = YES;
				CLANG_WARN_DEPRECATED_OBJC_IMPLEMENTATIONS = YES;
				CLANG_WARN_DIRECT_OBJC_ISA_USAGE = YES_ERROR;
				CLANG_WARN_DOCUMENTATION_COMMENTS = YES;
				CLANG_WARN_EMPTY_BODY = YES;
				CLANG_WARN_ENUM_CONVERSION = YES;
				CLANG_WARN_INFINITE_RECURSION = YES;
				CLANG_WARN_INT_CONVERSION = YES;
				CLANG_WARN_NON_LITERAL_NULL_CONVERSION = YES;
				CLANG_WARN_OBJC_IMPLICIT_RETAIN_SELF = YES;
				CLANG_WARN_OBJC_LITERAL_CONVERSION = YES;
				CLANG_WARN_OBJC_ROOT_CLASS = YES_ERROR;
				CLANG_WARN_QUOTED_INCLUDE_IN_FRAMEWORK_HEADER = YES;
				CLANG_WARN_RANGE_LOOP_ANALYSIS = YES;
				CLANG_WARN_STRICT_PROTOTYPES = YES;
				CLANG_WARN_SUSPICIOUS_MOVE = YES;
				CLANG_WARN_UNGUARDED_AVAILABILITY = YES_AGGRESSIVE;
				CLANG_WARN_UNREACHABLE_CODE = YES;
				CLANG_WARN__DUPLICATE_METHOD_MATCH = YES;
				COPY_PHASE_STRIP = NO;
				DEBUG_INFORMATION_FORMAT = dwarf;
				ENABLE_STRICT_OBJC_MSGSEND = YES;
				ENABLE_TESTABILITY = YES;
				GCC_C_LANGUAGE_STANDARD = gnu11;
				GCC_DYNAMIC_NO_PIC = NO;
				GCC_NO_COMMON_BLOCKS = YES;
				GCC_OPTIMIZATION_LEVEL = 0;
				GCC_PREPROCESSOR_DEFINITIONS = (
					"DEBUG=1",
					"$(inherited)",
				);
				GCC_WARN_64_TO_32_BIT_CONVERSION = YES;
				GCC_WARN_ABOUT_RETURN_TYPE = YES_ERROR;
				GCC_WARN_UNDECLARED_SELECTOR = YES;
				GCC_WARN_UNINITIALIZED_AUTOS = YES_AGGRESSIVE;
				GCC_WARN_UNUSED_FUNCTION = YES;
				GCC_WARN_UNUSED_VARIABLE = YES;
				IPHONEOS_DEPLOYMENT_TARGET = 16.2;
				MTL_ENABLE_DEBUG_INFO = INCLUDE_SOURCE;
				MTL_FAST_MATH = YES;
				ONLY_ACTIVE_ARCH = YES;
				SDKROOT = iphoneos;
				SWIFT_ACTIVE_COMPILATION_CONDITIONS = DEBUG;
				SWIFT_OPTIMIZATION_LEVEL = "-Onone";
			};
			name = Debug;
		};
		9B7003CA2A889651008A9366 /* Release */ = {
			isa = XCBuildConfiguration;
			buildSettings = {
				ALWAYS_SEARCH_USER_PATHS = NO;
				CLANG_ANALYZER_NONNULL = YES;
				CLANG_ANALYZER_NUMBER_OBJECT_CONVERSION = YES_AGGRESSIVE;
				CLANG_CXX_LANGUAGE_STANDARD = "gnu++20";
				CLANG_ENABLE_MODULES = YES;
				CLANG_ENABLE_OBJC_ARC = YES;
				CLANG_ENABLE_OBJC_WEAK = YES;
				CLANG_WARN_BLOCK_CAPTURE_AUTORELEASING = YES;
				CLANG_WARN_BOOL_CONVERSION = YES;
				CLANG_WARN_COMMA = YES;
				CLANG_WARN_CONSTANT_CONVERSION = YES;
				CLANG_WARN_DEPRECATED_OBJC_IMPLEMENTATIONS = YES;
				CLANG_WARN_DIRECT_OBJC_ISA_USAGE = YES_ERROR;
				CLANG_WARN_DOCUMENTATION_COMMENTS = YES;
				CLANG_WARN_EMPTY_BODY = YES;
				CLANG_WARN_ENUM_CONVERSION = YES;
				CLANG_WARN_INFINITE_RECURSION = YES;
				CLANG_WARN_INT_CONVERSION = YES;
				CLANG_WARN_NON_LITERAL_NULL_CONVERSION = YES;
				CLANG_WARN_OBJC_IMPLICIT_RETAIN_SELF = YES;
				CLANG_WARN_OBJC_LITERAL_CONVERSION = YES;
				CLANG_WARN_OBJC_ROOT_CLASS = YES_ERROR;
				CLANG_WARN_QUOTED_INCLUDE_IN_FRAMEWORK_HEADER = YES;
				CLANG_WARN_RANGE_LOOP_ANALYSIS = YES;
				CLANG_WARN_STRICT_PROTOTYPES = YES;
				CLANG_WARN_SUSPICIOUS_MOVE = YES;
				CLANG_WARN_UNGUARDED_AVAILABILITY = YES_AGGRESSIVE;
				CLANG_WARN_UNREACHABLE_CODE = YES;
				CLANG_WARN__DUPLICATE_METHOD_MATCH = YES;
				COPY_PHASE_STRIP = NO;
				DEBUG_INFORMATION_FORMAT = "dwarf-with-dsym";
				ENABLE_NS_ASSERTIONS = NO;
				ENABLE_STRICT_OBJC_MSGSEND = YES;
				GCC_C_LANGUAGE_STANDARD = gnu11;
				GCC_NO_COMMON_BLOCKS = YES;
				GCC_WARN_64_TO_32_BIT_CONVERSION = YES;
				GCC_WARN_ABOUT_RETURN_TYPE = YES_ERROR;
				GCC_WARN_UNDECLARED_SELECTOR = YES;
				GCC_WARN_UNINITIALIZED_AUTOS = YES_AGGRESSIVE;
				GCC_WARN_UNUSED_FUNCTION = YES;
				GCC_WARN_UNUSED_VARIABLE = YES;
				IPHONEOS_DEPLOYMENT_TARGET = 16.2;
				MTL_ENABLE_DEBUG_INFO = NO;
				MTL_FAST_MATH = YES;
				SDKROOT = iphoneos;
				SWIFT_COMPILATION_MODE = wholemodule;
				SWIFT_OPTIMIZATION_LEVEL = "-O";
				VALIDATE_PRODUCT = YES;
			};
			name = Release;
		};
		9B7003CC2A889651008A9366 /* Debug */ = {
			isa = XCBuildConfiguration;
			buildSettings = {
				ASSETCATALOG_COMPILER_APPICON_NAME = AppIcon;
				ASSETCATALOG_COMPILER_GLOBAL_ACCENT_COLOR_NAME = AccentColor;
				CODE_SIGN_STYLE = Automatic;
				CURRENT_PROJECT_VERSION = 1;
				DEVELOPMENT_ASSET_PATHS = "\"SwiftUiBootcamp/Preview Content\"";
				ENABLE_PREVIEWS = YES;
				GENERATE_INFOPLIST_FILE = YES;
				INFOPLIST_KEY_CFBundleDisplayName = Bootcamp;
				INFOPLIST_KEY_UIApplicationSceneManifest_Generation = YES;
				INFOPLIST_KEY_UIApplicationSupportsIndirectInputEvents = YES;
				INFOPLIST_KEY_UILaunchScreen_Generation = YES;
				INFOPLIST_KEY_UISupportedInterfaceOrientations_iPad = "UIInterfaceOrientationPortrait UIInterfaceOrientationPortraitUpsideDown UIInterfaceOrientationLandscapeLeft UIInterfaceOrientationLandscapeRight";
				INFOPLIST_KEY_UISupportedInterfaceOrientations_iPhone = "UIInterfaceOrientationPortrait UIInterfaceOrientationLandscapeLeft UIInterfaceOrientationLandscapeRight";
				IPHONEOS_DEPLOYMENT_TARGET = 16.0;
				LD_RUNPATH_SEARCH_PATHS = (
					"$(inherited)",
					"@executable_path/Frameworks",
				);
				MARKETING_VERSION = 1.0;
				PRODUCT_BUNDLE_IDENTIFIER = com.meezu.SwiftUiBootcamp;
				PRODUCT_NAME = "$(TARGET_NAME)";
				SWIFT_EMIT_LOC_STRINGS = YES;
				SWIFT_VERSION = 5.0;
				TARGETED_DEVICE_FAMILY = "1,2";
			};
			name = Debug;
		};
		9B7003CD2A889651008A9366 /* Release */ = {
			isa = XCBuildConfiguration;
			buildSettings = {
				ASSETCATALOG_COMPILER_APPICON_NAME = AppIcon;
				ASSETCATALOG_COMPILER_GLOBAL_ACCENT_COLOR_NAME = AccentColor;
				CODE_SIGN_STYLE = Automatic;
				CURRENT_PROJECT_VERSION = 1;
				DEVELOPMENT_ASSET_PATHS = "\"SwiftUiBootcamp/Preview Content\"";
				ENABLE_PREVIEWS = YES;
				GENERATE_INFOPLIST_FILE = YES;
				INFOPLIST_KEY_CFBundleDisplayName = Bootcamp;
				INFOPLIST_KEY_UIApplicationSceneManifest_Generation = YES;
				INFOPLIST_KEY_UIApplicationSupportsIndirectInputEvents = YES;
				INFOPLIST_KEY_UILaunchScreen_Generation = YES;
				INFOPLIST_KEY_UISupportedInterfaceOrientations_iPad = "UIInterfaceOrientationPortrait UIInterfaceOrientationPortraitUpsideDown UIInterfaceOrientationLandscapeLeft UIInterfaceOrientationLandscapeRight";
				INFOPLIST_KEY_UISupportedInterfaceOrientations_iPhone = "UIInterfaceOrientationPortrait UIInterfaceOrientationLandscapeLeft UIInterfaceOrientationLandscapeRight";
				IPHONEOS_DEPLOYMENT_TARGET = 16.0;
				LD_RUNPATH_SEARCH_PATHS = (
					"$(inherited)",
					"@executable_path/Frameworks",
				);
				MARKETING_VERSION = 1.0;
				PRODUCT_BUNDLE_IDENTIFIER = com.meezu.SwiftUiBootcamp;
				PRODUCT_NAME = "$(TARGET_NAME)";
				SWIFT_EMIT_LOC_STRINGS = YES;
				SWIFT_VERSION = 5.0;
				TARGETED_DEVICE_FAMILY = "1,2";
			};
			name = Release;
		};
/* End XCBuildConfiguration section */

/* Begin XCConfigurationList section */
		9B7003B82A88964F008A9366 /* Build configuration list for PBXProject "SwiftUiBootcamp" */ = {
			isa = XCConfigurationList;
			buildConfigurations = (
				9B7003C92A889651008A9366 /* Debug */,
				9B7003CA2A889651008A9366 /* Release */,
			);
			defaultConfigurationIsVisible = 0;
			defaultConfigurationName = Release;
		};
		9B7003CB2A889651008A9366 /* Build configuration list for PBXNativeTarget "SwiftUiBootcamp" */ = {
			isa = XCConfigurationList;
			buildConfigurations = (
				9B7003CC2A889651008A9366 /* Debug */,
				9B7003CD2A889651008A9366 /* Release */,
			);
			defaultConfigurationIsVisible = 0;
			defaultConfigurationName = Release;
		};
/* End XCConfigurationList section */
	};
	rootObject = 9B7003B52A88964F008A9366 /* Project object */;
}
